dependencies:
- name: kube-state-metrics
  repository: https://kubernetes-charts.storage.googleapis.com/
  version: 2.8.*
- name: prometheus-node-exporter
  repository: https://kubernetes-charts.storage.googleapis.com/
  version: 1.10.*
- name: grafana
  repository: https://kubernetes-charts.storage.googleapis.com/
  version: 5.3.*
digest: sha256:3882edc0e56e0a174d76b404e6bec33f836b9e67af38c6924ebf33c533670c1b
generated: "2020-09-02T23:43:32.742079+03:00"
